Microsoft Visual Studio Solution File, Format Version 11.00
# Visual Studio 2008

Project("{4CFE4514-5A20-DEF9-3032-834FAB564C2C}") = "PictureRecogniser", "Assembly-CSharp.csproj", "{AE53898F-01AB-D0B6-E246-D89BE544A0F1}"
EndProject
Global
	GlobalSection(SolutionConfigurationPlatforms) = preSolution
		Debug|Any CPU = Debug|Any CPU
		Release|Any CPU = Release|Any CPU
	EndGlobalSection
	GlobalSection(ProjectConfigurationPlatforms) = postSolution
		{AE53898F-01AB-D0B6-E246-D89BE544A0F1}.Debug|Any CPU.ActiveCfg = Debug|Any CPU
		{AE53898F-01AB-D0B6-E246-D89BE544A0F1}.Debug|Any CPU.Build.0 = Debug|Any CPU
		{AE53898F-01AB-D0B6-E246-D89BE544A0F1}.Release|Any CPU.ActiveCfg = Release|Any CPU
		{AE53898F-01AB-D0B6-E246-D89BE544A0F1}.Release|Any CPU.Build.0 = Release|Any CPU
	EndGlobalSection
	GlobalSection(SolutionProperties) = preSolution
		HideSolutionNode = FALSE
	EndGlobalSection
	GlobalSection(MonoDevelopProperties) = preSolution
		StartupItem = Assembly-CSharp.csproj
	EndGlobalSection
EndGlobal
